
Microsoft Visual Studio Solution File, Format Version 12.00
# Visual Studio Version 17
VisualStudioVersion = 17.0.32014.148
MinimumVisualStudioVersion = 10.0.40219.1
Project("{FAE04EC0-301F-11D3-BF4B-00C04F79EFBC}") = "Intent.RoslynWeaver.Attributes", "Intent.RoslynWeaver.Attributes\Intent.RoslynWeaver.Attributes.csproj", "{345BF3FD-3E1B-433E-87D4-051BCC95C42D}"
EndProject
Global
	GlobalSection(SolutionConfigurationPlatforms) = preSolution
		Debug|Any CPU = Debug|Any CPU
		Release|Any CPU = Release|Any CPU
	EndGlobalSection
	GlobalSection(ProjectConfigurationPlatforms) = postSolution
		{345BF3FD-3E1B-433E-87D4-051BCC95C42D}.Debug|Any CPU.ActiveCfg = Debug|Any CPU
		{345BF3FD-3E1B-433E-87D4-051BCC95C42D}.Debug|Any CPU.Build.0 = Debug|Any CPU
		{345BF3FD-3E1B-433E-87D4-051BCC95C42D}.Release|Any CPU.ActiveCfg = Release|Any CPU
		{345BF3FD-3E1B-433E-87D4-051BCC95C42D}.Release|Any CPU.Build.0 = Release|Any CPU
	EndGlobalSection
	GlobalSection(SolutionProperties) = preSolution
		HideSolutionNode = FALSE
	EndGlobalSection
	GlobalSection(ExtensibilityGlobals) = postSolution
		SolutionGuid = {5020C6AA-E91A-4790-97C9-E965FA47BA79}
	EndGlobalSection
EndGlobal
